Microsoft Visual Studio Solution File, Format Version 12.00
# Visual Studio Version 16
VisualStudioVersion = 16.0.0.0
MinimumVisualStudioVersion = 16.0.0.0
Project("{9A19103F-16F7-4668-BE54-9A1E7A4F7556}") = "Clubscansub.BlazorApp", "Clubscansub.BlazorApp.csproj", "{51F0E704-E5DB-46DA-B6DF-28EE189ECC55}"
EndProject
Global
	GlobalSection(SolutionConfigurationPlatforms) = preSolution
		Debug|Any CPU = Debug|Any CPU
		Debug|x64 = Debug|x64
		Debug|x86 = Debug|x86
		Release|Any CPU = Release|Any CPU
		Release|x64 = Release|x64
		Release|x86 = Release|x86
	EndGlobalSection
	GlobalSection(ProjectConfigurationPlatforms) = postSolution
		{51F0E704-E5DB-46DA-B6DF-28EE189ECC55}.Debug|Any CPU.ActiveCfg = Debug|Any CPU
		{51F0E704-E5DB-46DA-B6DF-28EE189ECC55}.Debug|Any CPU.Build.0 = Debug|Any CPU
		{51F0E704-E5DB-46DA-B6DF-28EE189ECC55}.Debug|x64.ActiveCfg = Debug|Any CPU
		{51F0E704-E5DB-46DA-B6DF-28EE189ECC55}.Debug|x64.Build.0 = Debug|Any CPU
		{51F0E704-E5DB-46DA-B6DF-28EE189ECC55}.Debug|x86.ActiveCfg = Debug|Any CPU
		{51F0E704-E5DB-46DA-B6DF-28EE189ECC55}.Debug|x86.Build.0 = Debug|Any CPU
		{51F0E704-E5DB-46DA-B6DF-28EE189ECC55}.Release|Any CPU.ActiveCfg = Release|Any CPU
		{51F0E704-E5DB-46DA-B6DF-28EE189ECC55}.Release|Any CPU.Build.0 = Release|Any CPU
		{51F0E704-E5DB-46DA-B6DF-28EE189ECC55}.Release|x64.ActiveCfg = Release|Any CPU
		{51F0E704-E5DB-46DA-B6DF-28EE189ECC55}.Release|x64.Build.0 = Release|Any CPU
		{51F0E704-E5DB-46DA-B6DF-28EE189ECC55}.Release|x86.ActiveCfg = Release|Any CPU
		{51F0E704-E5DB-46DA-B6DF-28EE189ECC55}.Release|x86.Build.0 = Release|Any CPU
	EndGlobalSection
	GlobalSection(SolutionProperties) = preSolution
		HideSolutionNode = FALSE
	EndGlobalSection
	GlobalSection(ExtensibilityGlobals) = postSolution
		SolutionGuid = {48128A77-C9C3-4EB2-9879-F6FE9AF4C6C4}
	EndGlobalSection
EndGlobal